
Microsoft Visual Studio Solution File, Format Version 12.00
Project("{FAE04EC0-301F-11D3-BF4B-00C04F79EFBC}") = "BusinessOrdersApp.API", "BusinessOrdersApp.API\BusinessOrdersApp.API.csproj", "{C0308C55-B7B4-48EC-80FE-D4599F3F2B4C}"
EndProject
Project("{2150E333-8FDC-42A3-9474-1A3956D46DE8}") = "Solution Items", "Solution Items", "{504CC4A1-5694-479A-BB87-80FB0E5F9EF1}"
	ProjectSection(SolutionItems) = preProject
		compose.yaml = compose.yaml
	EndProjectSection
EndProject
Global
	GlobalSection(SolutionConfigurationPlatforms) = preSolution
		Debug|Any CPU = Debug|Any CPU
		Release|Any CPU = Release|Any CPU
	EndGlobalSection
	GlobalSection(ProjectConfigurationPlatforms) = postSolution
		{C0308C55-B7B4-48EC-80FE-D4599F3F2B4C}.Debug|Any CPU.ActiveCfg = Debug|Any CPU
		{C0308C55-B7B4-48EC-80FE-D4599F3F2B4C}.Debug|Any CPU.Build.0 = Debug|Any CPU
		{C0308C55-B7B4-48EC-80FE-D4599F3F2B4C}.Release|Any CPU.ActiveCfg = Release|Any CPU
		{C0308C55-B7B4-48EC-80FE-D4599F3F2B4C}.Release|Any CPU.Build.0 = Release|Any CPU
	EndGlobalSection
EndGlobal
